// !$*UTF8*$!
{
	archiveVersion = 1;
	classes = {
	};
	objectVersion = 50;
	objects = {

/* Begin PBXBuildFile section */
		7DB5F66A21139CEA0093C08A /* AppDelegate.swift in Sources */ = {isa = PBXBuildFile; fileRef = 7DB5F66921139CEA0093C08A /* AppDelegate.swift */; };
		7DB5F66C21139CEA0093C08A /* ViewController.swift in Sources */ = {isa = PBXBuildFile; fileRef = 7DB5F66B21139CEA0093C08A /* ViewController.swift */; };
		7DB5F66F21139CEA0093C08A /* Main.storyboard in Resources */ = {isa = PBXBuildFile; fileRef = 7DB5F66D21139CEA0093C08A /* Main.storyboard */; };
		7DB5F67121139CEC0093C08A /* Assets.xcassets in Resources */ = {isa = PBXBuildFile; fileRef = 7DB5F67021139CEC0093C08A /* Assets.xcassets */; };
		7DB5F67421139CEC0093C08A /* LaunchScreen.storyboard in Resources */ = {isa = PBXBuildFile; fileRef = 7DB5F67221139CEC0093C08A /* LaunchScreen.storyboard */; };
		7DB5F67C21139EBA0093C08A /* Person.swift in Sources */ = {isa = PBXBuildFile; fileRef = 7DB5F67B21139EB90093C08A /* Person.swift */; };
		7DB5F67E2113CB9C0093C08A /* PersonCell.swift in Sources */ = {isa = PBXBuildFile; fileRef = 7DB5F67D2113CB9C0093C08A /* PersonCell.swift */; };
		F89223C91B4A4FFB712527C5 /* Pods_RxSwiftApp.framework in Frameworks */ = {isa = PBXBuildFile; fileRef = 5093BA2C7239A815CB5C0D96 /* Pods_RxSwiftApp.framework */; };
/* End PBXBuildFile section */

/* Begin PBXFileReference section */
		5093BA2C7239A815CB5C0D96 /* Pods_RxSwiftApp.framework */ = {isa = PBXFileReference; explicitFileType = wrapper.framework; includeInIndex = 0; path = Pods_RxSwiftApp.framework; sourceTree = BUILT_PRODUCTS_DIR; };
		7DB5F66621139CEA0093C08A /* RxSwiftApp.app */ = {isa = PBXFileReference; explicitFileType = wrapper.application; includeInIndex = 0; path = RxSwiftApp.app; sourceTree = BUILT_PRODUCTS_DIR; };
		7DB5F66921139CEA0093C08A /* AppDelegate.swift */ = {isa = PBXFileReference; lastKnownFileType = sourcecode.swift; path = AppDelegate.swift; sourceTree = "<group>"; };
		7DB5F66B21139CEA0093C08A /* ViewController.swift */ = {isa = PBXFileReference; lastKnownFileType = sourcecode.swift; path = ViewController.swift; sourceTree = "<group>"; };
		7DB5F66E21139CEA0093C08A /* Base */ = {isa = PBXFileReference; lastKnownFileType = file.storyboard; name = Base; path = Base.lproj/Main.storyboard; sourceTree = "<group>"; };
		7DB5F67021139CEC0093C08A /* Assets.xcassets */ = {isa = PBXFileReference; lastKnownFileType = folder.assetcatalog; path = Assets.xcassets; sourceTree = "<group>"; };
		7DB5F67321139CEC0093C08A /* Base */ = {isa = PBXFileReference; lastKnownFileType = file.storyboard; name = Base; path = Base.lproj/LaunchScreen.storyboard; sourceTree = "<group>"; };
		7DB5F67521139CEC0093C08A /* Info.plist */ = {isa = PBXFileReference; lastKnownFileType = text.plist.xml; path = Info.plist; sourceTree = "<group>"; };
		7DB5F67B21139EB90093C08A /* Person.swift */ = {isa = PBXFileReference; lastKnownFileType = sourcecode.swift; path = Person.swift; sourceTree = "<group>"; };
		7DB5F67D2113CB9C0093C08A /* PersonCell.swift */ = {isa = PBXFileReference; lastKnownFileType = sourcecode.swift; path = PersonCell.swift; sourceTree = "<group>"; };
		A2AC149FD90523AD8C95A3EA /* Pods-RxSwiftApp.release.xcconfig */ = {isa = PBXFileReference; includeInIndex = 1; lastKnownFileType = text.xcconfig; name = "Pods-RxSwiftApp.release.xcconfig"; path = "Pods/Target Support Files/Pods-RxSwiftApp/Pods-RxSwiftApp.release.xcconfig"; sourceTree = "<group>"; };
		B28FF078BA640F235411A89E /* Pods-RxSwiftApp.debug.xcconfig */ = {isa = PBXFileReference; includeInIndex = 1; lastKnownFileType = text.xcconfig; name = "Pods-RxSwiftApp.debug.xcconfig"; path = "Pods/Target Support Files/Pods-RxSwiftApp/Pods-RxSwiftApp.debug.xcconfig"; sourceTree = "<group>"; };
/* End PBXFileReference section */

/* Begin PBXFrameworksBuildPhase section */
		7DB5F66321139CEA0093C08A /* Frameworks */ = {
			isa = PBXFrameworksBuildPhase;
			buildActionMask = 2147483647;
			files = (
				F89223C91B4A4FFB712527C5 /* Pods_RxSwiftApp.framework in Frameworks */,
			);
			runOnlyForDeploymentPostprocessing = 0;
		};
/* End PBXFrameworksBuildPhase section */

/* Begin PBXGroup section */
		624A26C3E39AD991784634E3 /* Pods */ = {
			isa = PBXGroup;
			children = (
				B28FF078BA640F235411A89E /* Pods-RxSwiftApp.debug.xcconfig */,
				A2AC149FD90523AD8C95A3EA /* Pods-RxSwiftApp.release.xcconfig */,
			);
			name = Pods;
			sourceTree = "<group>";
		};
		7DB5F65D21139CEA0093C08A = {
			isa = PBXGroup;
			children = (
				7DB5F66821139CEA0093C08A /* RxSwiftApp */,
				7DB5F66721139CEA0093C08A /* Products */,
				624A26C3E39AD991784634E3 /* Pods */,
				AB9245992823765B0507DBC7 /* Frameworks */,
			);
			sourceTree = "<group>";
		};
		7DB5F66721139CEA0093C08A /* Products */ = {
			isa = PBXGroup;
			children = (
				7DB5F66621139CEA0093C08A /* RxSwiftApp.app */,
			);
			name = Products;
			sourceTree = "<group>";
		};
		7DB5F66821139CEA0093C08A /* RxSwiftApp */ = {
			isa = PBXGroup;
			children = (
				7DB5F66921139CEA0093C08A /* AppDelegate.swift */,
				7DB5F66B21139CEA0093C08A /* ViewController.swift */,
				7DB5F66D21139CEA0093C08A /* Main.storyboard */,
				7DB5F67021139CEC0093C08A /* Assets.xcassets */,
				7DB5F67221139CEC0093C08A /* LaunchScreen.storyboard */,
				7DB5F67521139CEC0093C08A /* Info.plist */,
				7DB5F67B21139EB90093C08A /* Person.swift */,
				7DB5F67D2113CB9C0093C08A /* PersonCell.swift */,
			);
			path = RxSwiftApp;
			sourceTree = "<group>";
		};
		AB9245992823765B0507DBC7 /* Frameworks */ = {
			isa = PBXGroup;
			children = (
				5093BA2C7239A815CB5C0D96 /* Pods_RxSwiftApp.framework */,
			);
			name = Frameworks;
			sourceTree = "<group>";
		};
/* End PBXGroup section */

/* Begin PBXNativeTarget section */
		7DB5F66521139CEA0093C08A /* RxSwiftApp */ = {
			isa = PBXNativeTarget;
			buildConfigurationList = 7DB5F67821139CEC0093C08A /* Build configuration list for PBXNativeTarget "RxSwiftApp" */;
			buildPhases = (
				F546A6C4B86B800115DFC546 /* [CP] Check Pods Manifest.lock */,
				7DB5F66221139CEA0093C08A /* Sources */,
				7DB5F66321139CEA0093C08A /* Frameworks */,
				7DB5F66421139CEA0093C08A /* Resources */,
				26CF3AC837287FA948DB37C9 /* [CP] Embed Pods Frameworks */,
			);
			buildRules = (
			);
			dependencies = (
			);
			name = RxSwiftApp;
			productName = RxSwiftApp;
			productReference = 7DB5F66621139CEA0093C08A /* RxSwiftApp.app */;
			productType = "com.apple.product-type.application";
		};
/* End PBXNativeTarget section */

/* Begin PBXProject section */
		7DB5F65E21139CEA0093C08A /* Project object */ = {
			isa = PBXProject;
			attributes = {
				LastSwiftUpdateCheck = 0940;
				LastUpgradeCheck = 0940;
				ORGANIZATIONNAME = "Sebastian Strus";
				TargetAttributes = {
					7DB5F66521139CEA0093C08A = {
						CreatedOnToolsVersion = 9.4.1;
					};
				};
			};
			buildConfigurationList = 7DB5F66121139CEA0093C08A /* Build configuration list for PBXProject "RxSwiftApp" */;
			compatibilityVersion = "Xcode 9.3";
			developmentRegion = en;
			hasScannedForEncodings = 0;
			knownRegions = (
				en,
				Base,
			);
			mainGroup = 7DB5F65D21139CEA0093C08A;
			productRefGroup = 7DB5F66721139CEA0093C08A /* Products */;
			projectDirPath = "";
			projectRoot = "";
			targets = (
				7DB5F66521139CEA0093C08A /* RxSwiftApp */,
			);
		};
/* End PBXProject section */

/* Begin PBXResourcesBuildPhase section */
		7DB5F66421139CEA0093C08A /* Resources */ = {
			isa = PBXResourcesBuildPhase;
			buildActionMask = 2147483647;
			files = (
				7DB5F67421139CEC0093C08A /* LaunchScreen.storyboard in Resources */,
				7DB5F67121139CEC0093C08A /* Assets.xcassets in Resources */,
				7DB5F66F21139CEA0093C08A /* Main.storyboard in Resources */,
			);
			runOnlyForDeploymentPostprocessing = 0;
		};
/* End PBXResourcesBuildPhase section */

/* Begin PBXShellScriptBuildPhase section */
		26CF3AC837287FA948DB37C9 /* [CP] Embed Pods Frameworks */ = {
			isa = PBXShellScriptBuildPhase;
			buildActionMask = 2147483647;
			files = (
			);
			inputPaths = (
				"${SRCROOT}/Pods/Target Support Files/Pods-RxSwiftApp/Pods-RxSwiftApp-frameworks.sh",
				"${BUILT_PRODUCTS_DIR}/RxCocoa/RxCocoa.framework",
				"${BUILT_PRODUCTS_DIR}/RxSwift/RxSwift.framework",
			);
			name = "[CP] Embed Pods Frameworks";
			outputPaths = (
				"${TARGET_BUILD_DIR}/${FRAMEWORKS_FOLDER_PATH}/RxCocoa.framework",
				"${TARGET_BUILD_DIR}/${FRAMEWORKS_FOLDER_PATH}/RxSwift.framework",
			);
			runOnlyForDeploymentPostprocessing = 0;
			shellPath = /bin/sh;
			shellScript = "\"${SRCROOT}/Pods/Target Support Files/Pods-RxSwiftApp/Pods-RxSwiftApp-frameworks.sh\"\n";
			showEnvVarsInLog = 0;
		};
		F546A6C4B86B800115DFC546 /* [CP] Check Pods Manifest.lock */ = {
			isa = PBXShellScriptBuildPhase;
			buildActionMask = 2147483647;
			files = (
			);
			inputPaths = (
				"${PODS_PODFILE_DIR_PATH}/Podfile.lock",
				"${PODS_ROOT}/Manifest.lock",
			);
			name = "[CP] Check Pods Manifest.lock";
			outputPaths = (
				"$(DERIVED_FILE_DIR)/Pods-RxSwiftApp-checkManifestLockResult.txt",
			);
			runOnlyForDeploymentPostprocessing = 0;
			shellPath = /bin/sh;
			shellScript = "diff \"${PODS_PODFILE_DIR_PATH}/Podfile.lock\" \"${PODS_ROOT}/Manifest.lock\" > /dev/null\nif [ $? != 0 ] ; then\n    # print error to STDERR\n    echo \"error: The sandbox is not in sync with the Podfile.lock. Run 'pod install' or update your CocoaPods installation.\" >&2\n    exit 1\nfi\n# This output is used by Xcode 'outputs' to avoid re-running this script phase.\necho \"SUCCESS\" > \"${SCRIPT_OUTPUT_FILE_0}\"\n";
			showEnvVarsInLog = 0;
		};
/* End PBXShellScriptBuildPhase section */

/* Begin PBXSourcesBuildPhase section */
		7DB5F66221139CEA0093C08A /* Sources */ = {
			isa = PBXSourcesBuildPhase;
			buildActionMask = 2147483647;
			files = (
				7DB5F67C21139EBA0093C08A /* Person.swift in Sources */,
				7DB5F66C21139CEA0093C08A /* ViewController.swift in Sources */,
				7DB5F67E2113CB9C0093C08A /* PersonCell.swift in Sources */,
				7DB5F66A21139CEA0093C08A /* AppDelegate.swift in Sources */,
			);
			runOnlyForDeploymentPostprocessing = 0;
		};
/* End PBXSourcesBuildPhase section */

/* Begin PBXVariantGroup section */
		7DB5F66D21139CEA0093C08A /* Main.storyboard */ = {
			isa = PBXVariantGroup;
			children = (
				7DB5F66E21139CEA0093C08A /* Base */,
			);
			name = Main.storyboard;
			sourceTree = "<group>";
		};
		7DB5F67221139CEC0093C08A /* LaunchScreen.storyboard */ = {
			isa = PBXVariantGroup;
			children = (
				7DB5F67321139CEC0093C08A /* Base */,
			);
			name = LaunchScreen.storyboard;
			sourceTree = "<group>";
		};
/* End PBXVariantGroup section */

/* Begin XCBuildConfiguration section */
		7DB5F67621139CEC0093C08A /* Debug */ = {
			isa = XCBuildConfiguration;
			buildSettings = {
				ALWAYS_SEARCH_USER_PATHS = NO;
				CLANG_ANALYZER_NONNULL = YES;
				CLANG_ANALYZER_NUMBER_OBJECT_CONVERSION = YES_AGGRESSIVE;
				CLANG_CXX_LANGUAGE_STANDARD = "gnu++14";
				CLANG_CXX_LIBRARY = "libc++";
				CLANG_ENABLE_MODULES = YES;
				CLANG_ENABLE_OBJC_ARC = YES;
				CLANG_ENABLE_OBJC_WEAK = YES;
				CLANG_WARN_BLOCK_CAPTURE_AUTORELEASING = YES;
				CLANG_WARN_BOOL_CONVERSION = YES;
				CLANG_WARN_COMMA = YES;
				CLANG_WARN_CONSTANT_CONVERSION = YES;
				CLANG_WARN_DEPRECATED_OBJC_IMPLEMENTATIONS = YES;
				CLANG_WARN_DIRECT_OBJC_ISA_USAGE = YES_ERROR;
				CLANG_WARN_DOCUMENTATION_COMMENTS = YES;
				CLANG_WARN_EMPTY_BODY = YES;
				CLANG_WARN_ENUM_CONVERSION = YES;
				CLANG_WARN_INFINITE_RECURSION = YES;
				CLANG_WARN_INT_CONVERSION = YES;
				CLANG_WARN_NON_LITERAL_NULL_CONVERSION = YES;
				CLANG_WARN_OBJC_IMPLICIT_RETAIN_SELF = YES;
				CLANG_WARN_OBJC_LITERAL_CONVERSION = YES;
				CLANG_WARN_OBJC_ROOT_CLASS = YES_ERROR;
				CLANG_WARN_RANGE_LOOP_ANALYSIS = YES;
				CLANG_WARN_STRICT_PROTOTYPES = YES;
				CLANG_WARN_SUSPICIOUS_MOVE = YES;
				CLANG_WARN_UNGUARDED_AVAILABILITY = YES_AGGRESSIVE;
				CLANG_WARN_UNREACHABLE_CODE = YES;
				CLANG_WARN__DUPLICATE_METHOD_MATCH = YES;
				CODE_SIGN_IDENTITY = "iPhone Developer";
				COPY_PHASE_STRIP = NO;
				DEBUG_INFORMATION_FORMAT = dwarf;
				ENABLE_STRICT_OBJC_MSGSEND = YES;
				ENABLE_TESTABILITY = YES;
				GCC_C_LANGUAGE_STANDARD = gnu11;
				GCC_DYNAMIC_NO_PIC = NO;
				GCC_NO_COMMON_BLOCKS = YES;
				GCC_OPTIMIZATION_LEVEL = 0;
				GCC_PREPROCESSOR_DEFINITIONS = (
					"DEBUG=1",
					"$(inherited)",
				);
				GCC_WARN_64_TO_32_BIT_CONVERSION = YES;
				GCC_WARN_ABOUT_RETURN_TYPE = YES_ERROR;
				GCC_WARN_UNDECLARED_SELECTOR = YES;
				GCC_WARN_UNINITIALIZED_AUTOS = YES_AGGRESSIVE;
				GCC_WARN_UNUSED_FUNCTION = YES;
				GCC_WARN_UNUSED_VARIABLE = YES;
				IPHONEOS_DEPLOYMENT_TARGET = 11.4;
				MTL_ENABLE_DEBUG_INFO = YES;
				ONLY_ACTIVE_ARCH = YES;
				SDKROOT = iphoneos;
				SWIFT_ACTIVE_COMPILATION_CONDITIONS = DEBUG;
				SWIFT_OPTIMIZATION_LEVEL = "-Onone";
			};
			name = Debug;
		};
		7DB5F67721139CEC0093C08A /* Release */ = {
			isa = XCBuildConfiguration;
			buildSettings = {
				ALWAYS_SEARCH_USER_PATHS = NO;
				CLANG_ANALYZER_NONNULL = YES;
				CLANG_ANALYZER_NUMBER_OBJECT_CONVERSION = YES_AGGRESSIVE;
				CLANG_CXX_LANGUAGE_STANDARD = "gnu++14";
				CLANG_CXX_LIBRARY = "libc++";
				CLANG_ENABLE_MODULES = YES;
				CLANG_ENABLE_OBJC_ARC = YES;
				CLANG_ENABLE_OBJC_WEAK = YES;
				CLANG_WARN_BLOCK_CAPTURE_AUTORELEASING = YES;
				CLANG_WARN_BOOL_CONVERSION = YES;
				CLANG_WARN_COMMA = YES;
				CLANG_WARN_CONSTANT_CONVERSION = YES;
				CLANG_WARN_DEPRECATED_OBJC_IMPLEMENTATIONS = YES;
				CLANG_WARN_DIRECT_OBJC_ISA_USAGE = YES_ERROR;
				CLANG_WARN_DOCUMENTATION_COMMENTS = YES;
				CLANG_WARN_EMPTY_BODY = YES;
				CLANG_WARN_ENUM_CONVERSION = YES;
				CLANG_WARN_INFINITE_RECURSION = YES;
				CLANG_WARN_INT_CONVERSION = YES;
				CLANG_WARN_NON_LITERAL_NULL_CONVERSION = YES;
				CLANG_WARN_OBJC_IMPLICIT_RETAIN_SELF = YES;
				CLANG_WARN_OBJC_LITERAL_CONVERSION = YES;
				CLANG_WARN_OBJC_ROOT_CLASS = YES_ERROR;
				CLANG_WARN_RANGE_LOOP_ANALYSIS = YES;
				CLANG_WARN_STRICT_PROTOTYPES = YES;
				CLANG_WARN_SUSPICIOUS_MOVE = YES;
				CLANG_WARN_UNGUARDED_AVAILABILITY = YES_AGGRESSIVE;
				CLANG_WARN_UNREACHABLE_CODE = YES;
				CLANG_WARN__DUPLICATE_METHOD_MATCH = YES;
				CODE_SIGN_IDENTITY = "iPhone Developer";
				COPY_PHASE_STRIP = NO;
				DEBUG_INFORMATION_FORMAT = "dwarf-with-dsym";
				ENABLE_NS_ASSERTIONS = NO;
				ENABLE_STRICT_OBJC_MSGSEND = YES;
				GCC_C_LANGUAGE_STANDARD = gnu11;
				GCC_NO_COMMON_BLOCKS = YES;
				GCC_WARN_64_TO_32_BIT_CONVERSION = YES;
				GCC_WARN_ABOUT_RETURN_TYPE = YES_ERROR;
				GCC_WARN_UNDECLARED_SELECTOR = YES;
				GCC_WARN_UNINITIALIZED_AUTOS = YES_AGGRESSIVE;
				GCC_WARN_UNUSED_FUNCTION = YES;
				GCC_WARN_UNUSED_VARIABLE = YES;
				IPHONEOS_DEPLOYMENT_TARGET = 11.4;
				MTL_ENABLE_DEBUG_INFO = NO;
				SDKROOT = iphoneos;
				SWIFT_COMPILATION_MODE = wholemodule;
				SWIFT_OPTIMIZATION_LEVEL = "-O";
				VALIDATE_PRODUCT = YES;
			};
			name = Release;
		};
		7DB5F67921139CEC0093C08A /* Debug */ = {
			isa = XCBuildConfiguration;
			baseConfigurationReference = B28FF078BA640F235411A89E /* Pods-RxSwiftApp.debug.xcconfig */;
			buildSettings = {
				ASSETCATALOG_COMPILER_APPICON_NAME = AppIcon;
				CODE_SIGN_STYLE = Automatic;
				DEVELOPMENT_TEAM = 4SL936GBZY;
				INFOPLIST_FILE = RxSwiftApp/Info.plist;
				LD_RUNPATH_SEARCH_PATHS = (
					"$(inherited)",
					"@executable_path/Frameworks",
				);
				PRODUCT_BUNDLE_IDENTIFIER = seb.RxSwiftApp;
				PRODUCT_NAME = "$(TARGET_NAME)";
				SWIFT_VERSION = 4.0;
				TARGETED_DEVICE_FAMILY = "1,2";
			};
			name = Debug;
		};
		7DB5F67A21139CEC0093C08A /* Release */ = {
			isa = XCBuildConfiguration;
			baseConfigurationReference = A2AC149FD90523AD8C95A3EA /* Pods-RxSwiftApp.release.xcconfig */;
			buildSettings = {
				ASSETCATALOG_COMPILER_APPICON_NAME = AppIcon;
				CODE_SIGN_STYLE = Automatic;
				DEVELOPMENT_TEAM = 4SL936GBZY;
				INFOPLIST_FILE = RxSwiftApp/Info.plist;
				LD_RUNPATH_SEARCH_PATHS = (
					"$(inherited)",
					"@executable_path/Frameworks",
				);
				PRODUCT_BUNDLE_IDENTIFIER = seb.RxSwiftApp;
				PRODUCT_NAME = "$(TARGET_NAME)";
				SWIFT_VERSION = 4.0;
				TARGETED_DEVICE_FAMILY = "1,2";
			};
			name = Release;
		};
/* End XCBuildConfiguration section */

/* Begin XCConfigurationList section */
		7DB5F66121139CEA0093C08A /* Build configuration list for PBXProject "RxSwiftApp" */ = {
			isa = XCConfigurationList;
			buildConfigurations = (
				7DB5F67621139CEC0093C08A /* Debug */,
				7DB5F67721139CEC0093C08A /* Release */,
			);
			defaultConfigurationIsVisible = 0;
			defaultConfigurationName = Release;
		};
		7DB5F67821139CEC0093C08A /* Build configuration list for PBXNativeTarget "RxSwiftApp" */ = {
			isa = XCConfigurationList;
			buildConfigurations = (
				7DB5F67921139CEC0093C08A /* Debug */,
				7DB5F67A21139CEC0093C08A /* Release */,
			);
			defaultConfigurationIsVisible = 0;
			defaultConfigurationName = Release;
		};
/* End XCConfigurationList section */
	};
	rootObject = 7DB5F65E21139CEA0093C08A /* Project object */;
}
